
Microsoft Visual Studio Solution File, Format Version 12.00
# Visual Studio Version 17
VisualStudioVersion = 17.5.002.0
MinimumVisualStudioVersion = 10.0.40219.1
Project("{9A19103F-16F7-4668-BE54-9A1E7A4F7556}") = "ClinicaVeterinaria", "ClinicaVeterinaria.csproj", "{3D7BA5BB-2A6E-4940-AA28-7E45EE775B32}"
EndProject
Global
	GlobalSection(SolutionConfigurationPlatforms) = preSolution
		Debug|Any CPU = Debug|Any CPU
		Release|Any CPU = Release|Any CPU
	EndGlobalSection
	GlobalSection(ProjectConfigurationPlatforms) = postSolution
		{3D7BA5BB-2A6E-4940-AA28-7E45EE775B32}.Debug|Any CPU.ActiveCfg = Debug|Any CPU
		{3D7BA5BB-2A6E-4940-AA28-7E45EE775B32}.Debug|Any CPU.Build.0 = Debug|Any CPU
		{3D7BA5BB-2A6E-4940-AA28-7E45EE775B32}.Release|Any CPU.ActiveCfg = Release|Any CPU
		{3D7BA5BB-2A6E-4940-AA28-7E45EE775B32}.Release|Any CPU.Build.0 = Release|Any CPU
	EndGlobalSection
	GlobalSection(SolutionProperties) = preSolution
		HideSolutionNode = FALSE
	EndGlobalSection
	GlobalSection(ExtensibilityGlobals) = postSolution
		SolutionGuid = {03ACC57D-AE35-4F25-942B-9B4EFBAB097D}
	EndGlobalSection
EndGlobal
